// !$*UTF8*$!
{
	archiveVersion = 1;
	classes = {
	};
	objectVersion = 46;
	objects = {

/* Begin PBXBuildFile section */
		D4733B491C0D37A700A96906 /* main.m in Sources */ = {isa = PBXBuildFile; fileRef = D4733B481C0D37A700A96906 /* main.m */; };
		D4733B4C1C0D37A700A96906 /* AppDelegate.m in Sources */ = {isa = PBXBuildFile; fileRef = D4733B4B1C0D37A700A96906 /* AppDelegate.m */; };
		D4733B4F1C0D37A700A96906 /* ViewController.m in Sources */ = {isa = PBXBuildFile; fileRef = D4733B4E1C0D37A700A96906 /* ViewController.m */; };
		D4733B521C0D37A700A96906 /* Main.storyboard in Resources */ = {isa = PBXBuildFile; fileRef = D4733B501C0D37A700A96906 /* Main.storyboard */; };
		D4733B541C0D37A700A96906 /* Assets.xcassets in Resources */ = {isa = PBXBuildFile; fileRef = D4733B531C0D37A700A96906 /* Assets.xcassets */; };
		D4733B571C0D37A700A96906 /* LaunchScreen.storyboard in Resources */ = {isa = PBXBuildFile; fileRef = D4733B551C0D37A700A96906 /* LaunchScreen.storyboard */; };
/* End PBXBuildFile section */

/* Begin PBXFileReference section */
		D4733B441C0D37A700A96906 /* testGitVersion.app */ = {isa = PBXFileReference; explicitFileType = wrapper.application; includeInIndex = 0; path = testGitVersion.app; sourceTree = BUILT_PRODUCTS_DIR; };
		D4733B481C0D37A700A96906 /* main.m */ = {isa = PBXFileReference; lastKnownFileType = sourcecode.c.objc; path = main.m; sourceTree = "<group>"; };
		D4733B4A1C0D37A700A96906 /* AppDelegate.h */ = {isa = PBXFileReference; lastKnownFileType = sourcecode.c.h; path = AppDelegate.h; sourceTree = "<group>"; };
		D4733B4B1C0D37A700A96906 /* AppDelegate.m */ = {isa = PBXFileReference; lastKnownFileType = sourcecode.c.objc; path = AppDelegate.m; sourceTree = "<group>"; };
		D4733B4D1C0D37A700A96906 /* ViewController.h */ = {isa = PBXFileReference; lastKnownFileType = sourcecode.c.h; path = ViewController.h; sourceTree = "<group>"; };
		D4733B4E1C0D37A700A96906 /* ViewController.m */ = {isa = PBXFileReference; lastKnownFileType = sourcecode.c.objc; path = ViewController.m; sourceTree = "<group>"; };
		D4733B511C0D37A700A96906 /* Base */ = {isa = PBXFileReference; lastKnownFileType = file.storyboard; name = Base; path = Base.lproj/Main.storyboard; sourceTree = "<group>"; };
		D4733B531C0D37A700A96906 /* Assets.xcassets */ = {isa = PBXFileReference; lastKnownFileType = folder.assetcatalog; path = Assets.xcassets; sourceTree = "<group>"; };
		D4733B561C0D37A700A96906 /* Base */ = {isa = PBXFileReference; lastKnownFileType = file.storyboard; name = Base; path = Base.lproj/LaunchScreen.storyboard; sourceTree = "<group>"; };
		D4733B581C0D37A700A96906 /* Info.plist */ = {isa = PBXFileReference; lastKnownFileType = text.plist.xml; path = Info.plist; sourceTree = "<group>"; };
/* End PBXFileReference section */

/* Begin PBXFrameworksBuildPhase section */
		D4733B411C0D37A700A96906 /* Frameworks */ = {
			isa = PBXFrameworksBuildPhase;
			buildActionMask = 2147483647;
			files = (
			);
			runOnlyForDeploymentPostprocessing = 0;
		};
/* End PBXFrameworksBuildPhase section */

/* Begin PBXGroup section */
		D4733B3B1C0D37A700A96906 = {
			isa = PBXGroup;
			children = (
				D4733B461C0D37A700A96906 /* testGitVersion */,
				D4733B451C0D37A700A96906 /* Products */,
			);
			sourceTree = "<group>";
		};
		D4733B451C0D37A700A96906 /* Products */ = {
			isa = PBXGroup;
			children = (
				D4733B441C0D37A700A96906 /* testGitVersion.app */,
			);
			name = Products;
			sourceTree = "<group>";
		};
		D4733B461C0D37A700A96906 /* testGitVersion */ = {
			isa = PBXGroup;
			children = (
				D4733B4A1C0D37A700A96906 /* AppDelegate.h */,
				D4733B4B1C0D37A700A96906 /* AppDelegate.m */,
				D4733B4D1C0D37A700A96906 /* ViewController.h */,
				D4733B4E1C0D37A700A96906 /* ViewController.m */,
				D4733B501C0D37A700A96906 /* Main.storyboard */,
				D4733B531C0D37A700A96906 /* Assets.xcassets */,
				D4733B551C0D37A700A96906 /* LaunchScreen.storyboard */,
				D4733B581C0D37A700A96906 /* Info.plist */,
				D4733B471C0D37A700A96906 /* Supporting Files */,
			);
			path = testGitVersion;
			sourceTree = "<group>";
		};
		D4733B471C0D37A700A96906 /* Supporting Files */ = {
			isa = PBXGroup;
			children = (
				D4733B481C0D37A700A96906 /* main.m */,
			);
			name = "Supporting Files";
			sourceTree = "<group>";
		};
/* End PBXGroup section */

/* Begin PBXNativeTarget section */
		D4733B431C0D37A700A96906 /* testGitVersion */ = {
			isa = PBXNativeTarget;
			buildConfigurationList = D4733B5B1C0D37A700A96906 /* Build configuration list for PBXNativeTarget "testGitVersion" */;
			buildPhases = (
				D4733B401C0D37A700A96906 /* Sources */,
				D4733B411C0D37A700A96906 /* Frameworks */,
				D4733B421C0D37A700A96906 /* Resources */,
			);
			buildRules = (
			);
			dependencies = (
			);
			name = testGitVersion;
			productName = testGitVersion;
			productReference = D4733B441C0D37A700A96906 /* testGitVersion.app */;
			productType = "com.apple.product-type.application";
		};
/* End PBXNativeTarget section */

/* Begin PBXProject section */
		D4733B3C1C0D37A700A96906 /* Project object */ = {
			isa = PBXProject;
			attributes = {
				LastUpgradeCheck = 0710;
				ORGANIZATIONNAME = wangyong;
				TargetAttributes = {
					D4733B431C0D37A700A96906 = {
						CreatedOnToolsVersion = 7.1.1;
					};
				};
			};
			buildConfigurationList = D4733B3F1C0D37A700A96906 /* Build configuration list for PBXProject "testGitVersion" */;
			compatibilityVersion = "Xcode 3.2";
			developmentRegion = English;
			hasScannedForEncodings = 0;
			knownRegions = (
				en,
				Base,
			);
			mainGroup = D4733B3B1C0D37A700A96906;
			productRefGroup = D4733B451C0D37A700A96906 /* Products */;
			projectDirPath = "";
			projectRoot = "";
			targets = (
				D4733B431C0D37A700A96906 /* testGitVersion */,
			);
		};
/* End PBXProject section */

/* Begin PBXResourcesBuildPhase section */
		D4733B421C0D37A700A96906 /* Resources */ = {
			isa = PBXResourcesBuildPhase;
			buildActionMask = 2147483647;
			files = (
				D4733B571C0D37A700A96906 /* LaunchScreen.storyboard in Resources */,
				D4733B541C0D37A700A96906 /* Assets.xcassets in Resources */,
				D4733B521C0D37A700A96906 /* Main.storyboard in Resources */,
			);
			runOnlyForDeploymentPostprocessing = 0;
		};
/* End PBXResourcesBuildPhase section */

/* Begin PBXSourcesBuildPhase section */
		D4733B401C0D37A700A96906 /* Sources */ = {
			isa = PBXSourcesBuildPhase;
			buildActionMask = 2147483647;
			files = (
				D4733B4F1C0D37A700A96906 /* ViewController.m in Sources */,
				D4733B4C1C0D37A700A96906 /* AppDelegate.m in Sources */,
				D4733B491C0D37A700A96906 /* main.m in Sources */,
			);
			runOnlyForDeploymentPostprocessing = 0;
		};
/* End PBXSourcesBuildPhase section */

/* Begin PBXVariantGroup section */
		D4733B501C0D37A700A96906 /* Main.storyboard */ = {
			isa = PBXVariantGroup;
			children = (
				D4733B511C0D37A700A96906 /* Base */,
			);
			name = Main.storyboard;
			sourceTree = "<group>";
		};
		D4733B551C0D37A700A96906 /* LaunchScreen.storyboard */ = {
			isa = PBXVariantGroup;
			children = (
				D4733B561C0D37A700A96906 /* Base */,
			);
			name = LaunchScreen.storyboard;
			sourceTree = "<group>";
		};
/* End PBXVariantGroup section */

/* Begin XCBuildConfiguration section */
		D4733B591C0D37A700A96906 /* Debug */ = {
			isa = XCBuildConfiguration;
			buildSettings = {
				ALWAYS_SEARCH_USER_PATHS = NO;
				CLANG_CXX_LANGUAGE_STANDARD = "gnu++0x";
				CLANG_CXX_LIBRARY = "libc++";
				CLANG_ENABLE_MODULES = YES;
				CLANG_ENABLE_OBJC_ARC = YES;
				CLANG_WARN_BOOL_CONVERSION = YES;
				CLANG_WARN_CONSTANT_CONVERSION = YES;
				CLANG_WARN_DIRECT_OBJC_ISA_USAGE = YES_ERROR;
				CLANG_WARN_EMPTY_BODY = YES;
				CLANG_WARN_ENUM_CONVERSION = YES;
				CLANG_WARN_INT_CONVERSION = YES;
				CLANG_WARN_OBJC_ROOT_CLASS = YES_ERROR;
				CLANG_WARN_UNREACHABLE_CODE = YES;
				CLANG_WARN__DUPLICATE_METHOD_MATCH = YES;
				"CODE_SIGN_IDENTITY[sdk=iphoneos*]" = "iPhone Developer";
				COPY_PHASE_STRIP = NO;
				DEBUG_INFORMATION_FORMAT = dwarf;
				ENABLE_STRICT_OBJC_MSGSEND = YES;
				ENABLE_TESTABILITY = YES;
				GCC_C_LANGUAGE_STANDARD = gnu99;
				GCC_DYNAMIC_NO_PIC = NO;
				GCC_NO_COMMON_BLOCKS = YES;
				GCC_OPTIMIZATION_LEVEL = 0;
				GCC_PREPROCESSOR_DEFINITIONS = (
					"DEBUG=1",
					"$(inherited)",
				);
				GCC_WARN_64_TO_32_BIT_CONVERSION = YES;
				GCC_WARN_ABOUT_RETURN_TYPE = YES_ERROR;
				GCC_WARN_UNDECLARED_SELECTOR = YES;
				GCC_WARN_UNINITIALIZED_AUTOS = YES_AGGRESSIVE;
				GCC_WARN_UNUSED_FUNCTION = YES;
				GCC_WARN_UNUSED_VARIABLE = YES;
				IPHONEOS_DEPLOYMENT_TARGET = 9.1;
				MTL_ENABLE_DEBUG_INFO = YES;
				ONLY_ACTIVE_ARCH = YES;
				SDKROOT = iphoneos;
			};
			name = Debug;
		};
		D4733B5A1C0D37A700A96906 /* Release */ = {
			isa = XCBuildConfiguration;
			buildSettings = {
				ALWAYS_SEARCH_USER_PATHS = NO;
				CLANG_CXX_LANGUAGE_STANDARD = "gnu++0x";
				CLANG_CXX_LIBRARY = "libc++";
				CLANG_ENABLE_MODULES = YES;
				CLANG_ENABLE_OBJC_ARC = YES;
				CLANG_WARN_BOOL_CONVERSION = YES;
				CLANG_WARN_CONSTANT_CONVERSION = YES;
				CLANG_WARN_DIRECT_OBJC_ISA_USAGE = YES_ERROR;
				CLANG_WARN_EMPTY_BODY = YES;
				CLANG_WARN_ENUM_CONVERSION = YES;
				CLANG_WARN_INT_CONVERSION = YES;
				CLANG_WARN_OBJC_ROOT_CLASS = YES_ERROR;
				CLANG_WARN_UNREACHABLE_CODE = YES;
				CLANG_WARN__DUPLICATE_METHOD_MATCH = YES;
				"CODE_SIGN_IDENTITY[sdk=iphoneos*]" = "iPhone Developer";
				COPY_PHASE_STRIP = NO;
				DEBUG_INFORMATION_FORMAT = "dwarf-with-dsym";
				ENABLE_NS_ASSERTIONS = NO;
				ENABLE_STRICT_OBJC_MSGSEND = YES;
				GCC_C_LANGUAGE_STANDARD = gnu99;
				GCC_NO_COMMON_BLOCKS = YES;
				GCC_WARN_64_TO_32_BIT_CONVERSION = YES;
				GCC_WARN_ABOUT_RETURN_TYPE = YES_ERROR;
				GCC_WARN_UNDECLARED_SELECTOR = YES;
				GCC_WARN_UNINITIALIZED_AUTOS = YES_AGGRESSIVE;
				GCC_WARN_UNUSED_FUNCTION = YES;
				GCC_WARN_UNUSED_VARIABLE = YES;
				IPHONEOS_DEPLOYMENT_TARGET = 9.1;
				MTL_ENABLE_DEBUG_INFO = NO;
				SDKROOT = iphoneos;
				VALIDATE_PRODUCT = YES;
			};
			name = Release;
		};
		D4733B5C1C0D37A700A96906 /* Debug */ = {
			isa = XCBuildConfiguration;
			buildSettings = {
				ASSETCATALOG_COMPILER_APPICON_NAME = AppIcon;
				INFOPLIST_FILE = testGitVersion/Info.plist;
				LD_RUNPATH_SEARCH_PATHS = "$(inherited) @executable_path/Frameworks";
				PRODUCT_BUNDLE_IDENTIFIER = com.wangyong.testGitVersion;
				PRODUCT_NAME = "$(TARGET_NAME)";
			};
			name = Debug;
		};
		D4733B5D1C0D37A700A96906 /* Release */ = {
			isa = XCBuildConfiguration;
			buildSettings = {
				ASSETCATALOG_COMPILER_APPICON_NAME = AppIcon;
				INFOPLIST_FILE = testGitVersion/Info.plist;
				LD_RUNPATH_SEARCH_PATHS = "$(inherited) @executable_path/Frameworks";
				PRODUCT_BUNDLE_IDENTIFIER = com.wangyong.testGitVersion;
				PRODUCT_NAME = "$(TARGET_NAME)";
			};
			name = Release;
		};
/* End XCBuildConfiguration section */

/* Begin XCConfigurationList section */
		D4733B3F1C0D37A700A96906 /* Build configuration list for PBXProject "testGitVersion" */ = {
			isa = XCConfigurationList;
			buildConfigurations = (
				D4733B591C0D37A700A96906 /* Debug */,
				D4733B5A1C0D37A700A96906 /* Release */,
			);
			defaultConfigurationIsVisible = 0;
			defaultConfigurationName = Release;
		};
		D4733B5B1C0D37A700A96906 /* Build configuration list for PBXNativeTarget "testGitVersion" */ = {
			isa = XCConfigurationList;
			buildConfigurations = (
				D4733B5C1C0D37A700A96906 /* Debug */,
				D4733B5D1C0D37A700A96906 /* Release */,
			);
			defaultConfigurationIsVisible = 0;
		};
/* End XCConfigurationList section */
	};
	rootObject = D4733B3C1C0D37A700A96906 /* Project object */;
}
